version: 1.0
shards:
  ameba:
    github: veelenga/ameba
    version: 0.13.2

  baked_file_system:
    github: schovi/baked_file_system
    version: 0.9.8

  pool:
    github: ysbaddaden/pool
    version: 0.2.3

  radix:
    github: luislavena/radix
    version: 0.3.9

  rethinkdb:
    github: fenicks/crystal-rethinkdb
    commit: 5cb10c365266048029c90a51951ec9447a2f1033

  retriable:
    github: sija/retriable.cr
    version: 0.2.2

  router:
    github: tbrand/router.cr
    version: 0.2.7

  strange:
    github: hydecr/strange
    commit: bdf7e996ddadad8f24b74dc550a23123b5449802

