version: 1.0
shards:
  ameba:
    github: veelenga/ameba
    version: 0.11.0

  baked_file_system:
    github: schovi/baked_file_system
    version: 0.9.8

  crystal-rethinkdb:
    github: fenicks/crystal-rethinkdb
    commit: 49b2f35d3ce851de15755332830f492f3e196b94

  pool:
    github: ysbaddaden/pool
    version: 0.2.3

  radix:
    github: luislavena/radix
    version: 0.3.9

  router:
    github: tbrand/router.cr
    version: 0.2.7

