version: 2.0
shards:
  ameba:
    git: https://github.com/veelenga/ameba.git
    version: 0.13.2

  baked_file_system:
    git: https://github.com/schovi/baked_file_system.git
    version: 0.9.8

  pool:
    git: https://github.com/ysbaddaden/pool.git
    version: 0.2.3

  radix:
    git: https://github.com/luislavena/radix.git
    version: 0.3.9

  rethinkdb:
    git: https://github.com/fenicks/crystal-rethinkdb.git
    version: 0.2.4+git.commit.5cb10c365266048029c90a51951ec9447a2f1033

  retriable:
    git: https://github.com/sija/retriable.cr.git
    version: 0.2.2

  router:
    git: https://github.com/tbrand/router.cr.git
    version: 0.2.7

  strange:
    git: https://github.com/hydecr/strange.git
    version: 0.1.0+git.commit.bdf7e996ddadad8f24b74dc550a23123b5449802

